
Microsoft Visual Studio Solution File, Format Version 12.00
# Visual Studio 14
VisualStudioVersion = 14.0.25123.0
MinimumVisualStudioVersion = 10.0.40219.1
Project("{FAE04EC0-301F-11D3-BF4B-00C04F79EFBC}") = "NicoNicoDownloader", "NicoNicoDownloader\NicoNicoDownloader.csproj", "{9F777665-F2F0-481B-AC7B-406AD1824DD3}"
EndProject
Project("{FAE04EC0-301F-11D3-BF4B-00C04F79EFBC}") = "NicoNico.Net", "NicoNico.Net\NicoNico.Net.csproj", "{2B867E85-2924-42AF-96D9-3CED9234E7B2}"
EndProject
Project("{FAE04EC0-301F-11D3-BF4B-00C04F79EFBC}") = "NicoNico.Net.ConsoleTest", "NicoNico.Net.ConsoleTest\NicoNico.Net.ConsoleTest.csproj", "{F1C525BD-12DE-4B2E-A9CB-E1498C3C6618}"
EndProject
Project("{FAE04EC0-301F-11D3-BF4B-00C04F79EFBC}") = "Test", "Test\Test.csproj", "{872053B9-D3D9-4E0B-A19E-4CE60F4C4434}"
EndProject
Project("{FAE04EC0-301F-11D3-BF4B-00C04F79EFBC}") = "NicoNicoScraper", "NicoNicoScraper\NicoNicoScraper.csproj", "{DBBFEE5F-8F94-43C2-9BB0-DF8EF2EC9E77}"
EndProject
Project("{D954291E-2A0B-460D-934E-DC6B0785DB48}") = "Model", "Model\Model.shproj", "{AB35BDFF-9701-4840-8AA0-791EEFE767B5}"
EndProject
Global
	GlobalSection(SharedMSBuildProjectFiles) = preSolution
		Model\Model.projitems*{dbbfee5f-8f94-43c2-9bb0-df8ef2ec9e77}*SharedItemsImports = 4
		Model\Model.projitems*{9f777665-f2f0-481b-ac7b-406ad1824dd3}*SharedItemsImports = 4
		Model\Model.projitems*{ab35bdff-9701-4840-8aa0-791eefe767b5}*SharedItemsImports = 13
	EndGlobalSection
	GlobalSection(SolutionConfigurationPlatforms) = preSolution
		Debug|Any CPU = Debug|Any CPU
		Release|Any CPU = Release|Any CPU
	EndGlobalSection
	GlobalSection(ProjectConfigurationPlatforms) = postSolution
		{9F777665-F2F0-481B-AC7B-406AD1824DD3}.Debug|Any CPU.ActiveCfg = Debug|Any CPU
		{9F777665-F2F0-481B-AC7B-406AD1824DD3}.Debug|Any CPU.Build.0 = Debug|Any CPU
		{9F777665-F2F0-481B-AC7B-406AD1824DD3}.Release|Any CPU.ActiveCfg = Release|Any CPU
		{9F777665-F2F0-481B-AC7B-406AD1824DD3}.Release|Any CPU.Build.0 = Release|Any CPU
		{2B867E85-2924-42AF-96D9-3CED9234E7B2}.Debug|Any CPU.ActiveCfg = Debug|Any CPU
		{2B867E85-2924-42AF-96D9-3CED9234E7B2}.Debug|Any CPU.Build.0 = Debug|Any CPU
		{2B867E85-2924-42AF-96D9-3CED9234E7B2}.Release|Any CPU.ActiveCfg = Release|Any CPU
		{2B867E85-2924-42AF-96D9-3CED9234E7B2}.Release|Any CPU.Build.0 = Release|Any CPU
		{F1C525BD-12DE-4B2E-A9CB-E1498C3C6618}.Debug|Any CPU.ActiveCfg = Debug|Any CPU
		{F1C525BD-12DE-4B2E-A9CB-E1498C3C6618}.Debug|Any CPU.Build.0 = Debug|Any CPU
		{F1C525BD-12DE-4B2E-A9CB-E1498C3C6618}.Release|Any CPU.ActiveCfg = Release|Any CPU
		{F1C525BD-12DE-4B2E-A9CB-E1498C3C6618}.Release|Any CPU.Build.0 = Release|Any CPU
		{872053B9-D3D9-4E0B-A19E-4CE60F4C4434}.Debug|Any CPU.ActiveCfg = Debug|Any CPU
		{872053B9-D3D9-4E0B-A19E-4CE60F4C4434}.Debug|Any CPU.Build.0 = Debug|Any CPU
		{872053B9-D3D9-4E0B-A19E-4CE60F4C4434}.Release|Any CPU.ActiveCfg = Release|Any CPU
		{872053B9-D3D9-4E0B-A19E-4CE60F4C4434}.Release|Any CPU.Build.0 = Release|Any CPU
		{DBBFEE5F-8F94-43C2-9BB0-DF8EF2EC9E77}.Debug|Any CPU.ActiveCfg = Debug|Any CPU
		{DBBFEE5F-8F94-43C2-9BB0-DF8EF2EC9E77}.Debug|Any CPU.Build.0 = Debug|Any CPU
		{DBBFEE5F-8F94-43C2-9BB0-DF8EF2EC9E77}.Release|Any CPU.ActiveCfg = Release|Any CPU
		{DBBFEE5F-8F94-43C2-9BB0-DF8EF2EC9E77}.Release|Any CPU.Build.0 = Release|Any CPU
	EndGlobalSection
	GlobalSection(SolutionProperties) = preSolution
		HideSolutionNode = FALSE
	EndGlobalSection
EndGlobal
